// !$*UTF8*$!
{
	archiveVersion = 1;
	classes = {
	};
	objectVersion = 46;
	objects = {

/* Begin PBXBuildFile section */
		2903206516299B42003C948A /* CC3Foundation.m in Sources */ = {isa = PBXBuildFile; fileRef = 2903205D16299B42003C948A /* CC3Foundation.m */; };
		2903206616299B42003C948A /* CC3GLMatrix.m in Sources */ = {isa = PBXBuildFile; fileRef = 2903205F16299B42003C948A /* CC3GLMatrix.m */; };
		2903206716299B42003C948A /* CC3Kazmath.c in Sources */ = {isa = PBXBuildFile; fileRef = 2903206016299B42003C948A /* CC3Kazmath.c */; };
		2903206816299B42003C948A /* CC3Math.m in Sources */ = {isa = PBXBuildFile; fileRef = 2903206416299B42003C948A /* CC3Math.m */; };
		2903206B1629B470003C948A /* Player.m in Sources */ = {isa = PBXBuildFile; fileRef = 2903206A1629B470003C948A /* Player.m */; };
		2903206E1629B8AA003C948A /* player_ship.png in Resources */ = {isa = PBXBuildFile; fileRef = 2903206D1629B8AA003C948A /* player_ship.png */; };
		290320701629BC5B003C948A /* player_ship_test.png in Resources */ = {isa = PBXBuildFile; fileRef = 2903206F1629BC5B003C948A /* player_ship_test.png */; };
		291BC1251610F1B4007BEDA6 /* Decoration.m in Sources */ = {isa = PBXBuildFile; fileRef = 291BC1241610F1B4007BEDA6 /* Decoration.m */; };
		291BC1281610F543007BEDA6 /* decoration_0.png in Resources */ = {isa = PBXBuildFile; fileRef = 291BC1271610F543007BEDA6 /* decoration_0.png */; };
		291BC12B1610F7B3007BEDA6 /* decoration_1.png in Resources */ = {isa = PBXBuildFile; fileRef = 291BC12A1610F7B3007BEDA6 /* decoration_1.png */; };
		291BC13D1610FAD6007BEDA6 /* decoration_2.png in Resources */ = {isa = PBXBuildFile; fileRef = 291BC12C1610FAD5007BEDA6 /* decoration_2.png */; };
		291BC13E1610FAD6007BEDA6 /* decoration_3.png in Resources */ = {isa = PBXBuildFile; fileRef = 291BC12D1610FAD5007BEDA6 /* decoration_3.png */; };
		291BC13F1610FAD6007BEDA6 /* decoration_4.png in Resources */ = {isa = PBXBuildFile; fileRef = 291BC12E1610FAD6007BEDA6 /* decoration_4.png */; };
		291BC1401610FAD6007BEDA6 /* decoration_5.png in Resources */ = {isa = PBXBuildFile; fileRef = 291BC12F1610FAD6007BEDA6 /* decoration_5.png */; };
		291BC1411610FAD6007BEDA6 /* decoration_6.png in Resources */ = {isa = PBXBuildFile; fileRef = 291BC1301610FAD6007BEDA6 /* decoration_6.png */; };
		291BC1421610FAD6007BEDA6 /* decoration_7.png in Resources */ = {isa = PBXBuildFile; fileRef = 291BC1311610FAD6007BEDA6 /* decoration_7.png */; };
		291BC1431610FAD6007BEDA6 /* decoration_8.png in Resources */ = {isa = PBXBuildFile; fileRef = 291BC1321610FAD6007BEDA6 /* decoration_8.png */; };
		291BC1441610FAD6007BEDA6 /* decoration_9.png in Resources */ = {isa = PBXBuildFile; fileRef = 291BC1331610FAD6007BEDA6 /* decoration_9.png */; };
		291BC1451610FAD6007BEDA6 /* decoration_10.png in Resources */ = {isa = PBXBuildFile; fileRef = 291BC1341610FAD6007BEDA6 /* decoration_10.png */; };
		291BC1461610FAD6007BEDA6 /* decoration_11.png in Resources */ = {isa = PBXBuildFile; fileRef = 291BC1351610FAD6007BEDA6 /* decoration_11.png */; };
		291BC1471610FAD6007BEDA6 /* decoration_13.png in Resources */ = {isa = PBXBuildFile; fileRef = 291BC1361610FAD6007BEDA6 /* decoration_13.png */; };
		291BC1481610FAD6007BEDA6 /* decoration_14.png in Resources */ = {isa = PBXBuildFile; fileRef = 291BC1371610FAD6007BEDA6 /* decoration_14.png */; };
		291BC1491610FAD6007BEDA6 /* decoration_15.png in Resources */ = {isa = PBXBuildFile; fileRef = 291BC1381610FAD6007BEDA6 /* decoration_15.png */; };
		291BC14A1610FAD6007BEDA6 /* decoration_16.png in Resources */ = {isa = PBXBuildFile; fileRef = 291BC1391610FAD6007BEDA6 /* decoration_16.png */; };
		291BC14B1610FAD6007BEDA6 /* decoration_17.png in Resources */ = {isa = PBXBuildFile; fileRef = 291BC13A1610FAD6007BEDA6 /* decoration_17.png */; };
		291BC14C1610FAD6007BEDA6 /* decoration_18.png in Resources */ = {isa = PBXBuildFile; fileRef = 291BC13B1610FAD6007BEDA6 /* decoration_18.png */; };
		291BC14D1610FAD6007BEDA6 /* decoration_19.png in Resources */ = {isa = PBXBuildFile; fileRef = 291BC13C1610FAD6007BEDA6 /* decoration_19.png */; };
		291BC153161103BA007BEDA6 /* decoration_12.png in Resources */ = {isa = PBXBuildFile; fileRef = 291BC152161103BA007BEDA6 /* decoration_12.png */; };
		296DDD091608ED2200B58C6D /* fragment.glsl in Resources */ = {isa = PBXBuildFile; fileRef = 296DDD051608ED2200B58C6D /* fragment.glsl */; };
		296DDD0A1608ED2200B58C6D /* vertex.glsl in Resources */ = {isa = PBXBuildFile; fileRef = 296DDD061608ED2200B58C6D /* vertex.glsl */; };
		296DDD0B1608ED2200B58C6D /* GLProgram.m in Sources */ = {isa = PBXBuildFile; fileRef = 296DDD081608ED2200B58C6D /* GLProgram.m */; };
		296DDD0E1608ED2F00B58C6D /* ProgramManager.m in Sources */ = {isa = PBXBuildFile; fileRef = 296DDD0D1608ED2F00B58C6D /* ProgramManager.m */; };
		296DDD111608ED4000B58C6D /* TextureCache.m in Sources */ = {isa = PBXBuildFile; fileRef = 296DDD101608ED4000B58C6D /* TextureCache.m */; };
		296DDD171608ED6E00B58C6D /* Entity.m in Sources */ = {isa = PBXBuildFile; fileRef = 296DDD141608ED6E00B58C6D /* Entity.m */; };
		296DDD181608ED6E00B58C6D /* Sprite.m in Sources */ = {isa = PBXBuildFile; fileRef = 296DDD161608ED6E00B58C6D /* Sprite.m */; };
		296DDD201608F39300B58C6D /* Scene.m in Sources */ = {isa = PBXBuildFile; fileRef = 296DDD1F1608F39300B58C6D /* Scene.m */; };
		296DDD231608F3B300B58C6D /* IntroScene.m in Sources */ = {isa = PBXBuildFile; fileRef = 296DDD221608F3B200B58C6D /* IntroScene.m */; };
		2995C4471608E65B008FD4B0 /* UIKit.framework in Frameworks */ = {isa = PBXBuildFile; fileRef = 2995C4461608E65B008FD4B0 /* UIKit.framework */; };
		2995C4491608E65B008FD4B0 /* Foundation.framework in Frameworks */ = {isa = PBXBuildFile; fileRef = 2995C4481608E65B008FD4B0 /* Foundation.framework */; };
		2995C44B1608E65B008FD4B0 /* CoreGraphics.framework in Frameworks */ = {isa = PBXBuildFile; fileRef = 2995C44A1608E65B008FD4B0 /* CoreGraphics.framework */; };
		2995C4511608E65B008FD4B0 /* InfoPlist.strings in Resources */ = {isa = PBXBuildFile; fileRef = 2995C44F1608E65B008FD4B0 /* InfoPlist.strings */; };
		2995C4531608E65B008FD4B0 /* main.m in Sources */ = {isa = PBXBuildFile; fileRef = 2995C4521608E65B008FD4B0 /* main.m */; };
		2995C4571608E65B008FD4B0 /* AppDelegate.m in Sources */ = {isa = PBXBuildFile; fileRef = 2995C4561608E65B008FD4B0 /* AppDelegate.m */; };
		2995C45A1608E65B008FD4B0 /* MainStoryboard.storyboard in Resources */ = {isa = PBXBuildFile; fileRef = 2995C4581608E65B008FD4B0 /* MainStoryboard.storyboard */; };
		2995C45D1608E65B008FD4B0 /* MainView.m in Sources */ = {isa = PBXBuildFile; fileRef = 2995C45C1608E65B008FD4B0 /* MainView.m */; };
		2995C4641608E6C3008FD4B0 /* GLKit.framework in Frameworks */ = {isa = PBXBuildFile; fileRef = 2995C4631608E6C3008FD4B0 /* GLKit.framework */; };
		2995C4661608E6C9008FD4B0 /* OpenGLES.framework in Frameworks */ = {isa = PBXBuildFile; fileRef = 2995C4651608E6C9008FD4B0 /* OpenGLES.framework */; };
		2995C4681608E6CF008FD4B0 /* QuartzCore.framework in Frameworks */ = {isa = PBXBuildFile; fileRef = 2995C4671608E6CF008FD4B0 /* QuartzCore.framework */; };
		29E5B37D161A2C8B00CDA386 /* color_fragment.glsl in Resources */ = {isa = PBXBuildFile; fileRef = 29E5B37B161A2C8A00CDA386 /* color_fragment.glsl */; };
		29E5B37E161A2C8B00CDA386 /* color_vertex.glsl in Resources */ = {isa = PBXBuildFile; fileRef = 29E5B37C161A2C8B00CDA386 /* color_vertex.glsl */; };
		29E5B382161A2D6F00CDA386 /* decoration_test_0.png in Resources */ = {isa = PBXBuildFile; fileRef = 29E5B37F161A2D6F00CDA386 /* decoration_test_0.png */; };
		29E5B383161A2D6F00CDA386 /* decoration_test_1.png in Resources */ = {isa = PBXBuildFile; fileRef = 29E5B380161A2D6F00CDA386 /* decoration_test_1.png */; };
		29E5B384161A2D6F00CDA386 /* decoration_test_2.png in Resources */ = {isa = PBXBuildFile; fileRef = 29E5B381161A2D6F00CDA386 /* decoration_test_2.png */; };
/* End PBXBuildFile section */

/* Begin PBXFileReference section */
		2903205B16299B42003C948A /* ccTypes.h */ = {isa = PBXFileReference; fileEncoding = 4; lastKnownFileType = sourcecode.c.h; path = ccTypes.h; sourceTree = "<group>"; };
		2903205C16299B42003C948A /* CC3Foundation.h */ = {isa = PBXFileReference; fileEncoding = 4; lastKnownFileType = sourcecode.c.h; path = CC3Foundation.h; sourceTree = "<group>"; };
		2903205D16299B42003C948A /* CC3Foundation.m */ = {isa = PBXFileReference; fileEncoding = 4; lastKnownFileType = sourcecode.c.objc; path = CC3Foundation.m; sourceTree = "<group>"; };
		2903205E16299B42003C948A /* CC3GLMatrix.h */ = {isa = PBXFileReference; fileEncoding = 4; lastKnownFileType = sourcecode.c.h; path = CC3GLMatrix.h; sourceTree = "<group>"; };
		2903205F16299B42003C948A /* CC3GLMatrix.m */ = {isa = PBXFileReference; fileEncoding = 4; lastKnownFileType = sourcecode.c.objc; path = CC3GLMatrix.m; sourceTree = "<group>"; };
		2903206016299B42003C948A /* CC3Kazmath.c */ = {isa = PBXFileReference; fileEncoding = 4; lastKnownFileType = sourcecode.c.c; path = CC3Kazmath.c; sourceTree = "<group>"; };
		2903206116299B42003C948A /* CC3Kazmath.h */ = {isa = PBXFileReference; fileEncoding = 4; lastKnownFileType = sourcecode.c.h; path = CC3Kazmath.h; sourceTree = "<group>"; };
		2903206216299B42003C948A /* CC3Logging.h */ = {isa = PBXFileReference; fileEncoding = 4; lastKnownFileType = sourcecode.c.h; path = CC3Logging.h; sourceTree = "<group>"; };
		2903206316299B42003C948A /* CC3Math.h */ = {isa = PBXFileReference; fileEncoding = 4; lastKnownFileType = sourcecode.c.h; path = CC3Math.h; sourceTree = "<group>"; };
		2903206416299B42003C948A /* CC3Math.m */ = {isa = PBXFileReference; fileEncoding = 4; lastKnownFileType = sourcecode.c.objc; path = CC3Math.m; sourceTree = "<group>"; };
		290320691629B46F003C948A /* Player.h */ = {isa = PBXFileReference; fileEncoding = 4; lastKnownFileType = sourcecode.c.h; path = Player.h; sourceTree = "<group>"; };
		2903206A1629B470003C948A /* Player.m */ = {isa = PBXFileReference; fileEncoding = 4; lastKnownFileType = sourcecode.c.objc; path = Player.m; sourceTree = "<group>"; };
		2903206D1629B8AA003C948A /* player_ship.png */ = {isa = PBXFileReference; lastKnownFileType = image.png; path = player_ship.png; sourceTree = "<group>"; };
		2903206F1629BC5B003C948A /* player_ship_test.png */ = {isa = PBXFileReference; lastKnownFileType = image.png; path = player_ship_test.png; sourceTree = "<group>"; };
		291BC1231610F1B4007BEDA6 /* Decoration.h */ = {isa = PBXFileReference; fileEncoding = 4; lastKnownFileType = sourcecode.c.h; path = Decoration.h; sourceTree = "<group>"; };
		291BC1241610F1B4007BEDA6 /* Decoration.m */ = {isa = PBXFileReference; fileEncoding = 4; lastKnownFileType = sourcecode.c.objc; path = Decoration.m; sourceTree = "<group>"; wrapsLines = 1; };
		291BC1271610F543007BEDA6 /* decoration_0.png */ = {isa = PBXFileReference; lastKnownFileType = image.png; path = decoration_0.png; sourceTree = "<group>"; };
		291BC1291610F755007BEDA6 /* Config.h */ = {isa = PBXFileReference; lastKnownFileType = sourcecode.c.h; name = Config.h; path = Framework/Config.h; sourceTree = "<group>"; };
		291BC12A1610F7B3007BEDA6 /* decoration_1.png */ = {isa = PBXFileReference; lastKnownFileType = image.png; path = decoration_1.png; sourceTree = "<group>"; };
		291BC12C1610FAD5007BEDA6 /* decoration_2.png */ = {isa = PBXFileReference; lastKnownFileType = image.png; path = decoration_2.png; sourceTree = "<group>"; };
		291BC12D1610FAD5007BEDA6 /* decoration_3.png */ = {isa = PBXFileReference; lastKnownFileType = image.png; path = decoration_3.png; sourceTree = "<group>"; };
		291BC12E1610FAD6007BEDA6 /* decoration_4.png */ = {isa = PBXFileReference; lastKnownFileType = image.png; path = decoration_4.png; sourceTree = "<group>"; };
		291BC12F1610FAD6007BEDA6 /* decoration_5.png */ = {isa = PBXFileReference; lastKnownFileType = image.png; path = decoration_5.png; sourceTree = "<group>"; };
		291BC1301610FAD6007BEDA6 /* decoration_6.png */ = {isa = PBXFileReference; lastKnownFileType = image.png; path = decoration_6.png; sourceTree = "<group>"; };
		291BC1311610FAD6007BEDA6 /* decoration_7.png */ = {isa = PBXFileReference; lastKnownFileType = image.png; path = decoration_7.png; sourceTree = "<group>"; };
		291BC1321610FAD6007BEDA6 /* decoration_8.png */ = {isa = PBXFileReference; lastKnownFileType = image.png; path = decoration_8.png; sourceTree = "<group>"; };
		291BC1331610FAD6007BEDA6 /* decoration_9.png */ = {isa = PBXFileReference; lastKnownFileType = image.png; path = decoration_9.png; sourceTree = "<group>"; };
		291BC1341610FAD6007BEDA6 /* decoration_10.png */ = {isa = PBXFileReference; lastKnownFileType = image.png; path = decoration_10.png; sourceTree = "<group>"; };
		291BC1351610FAD6007BEDA6 /* decoration_11.png */ = {isa = PBXFileReference; lastKnownFileType = image.png; path = decoration_11.png; sourceTree = "<group>"; };
		291BC1361610FAD6007BEDA6 /* decoration_13.png */ = {isa = PBXFileReference; lastKnownFileType = image.png; path = decoration_13.png; sourceTree = "<group>"; };
		291BC1371610FAD6007BEDA6 /* decoration_14.png */ = {isa = PBXFileReference; lastKnownFileType = image.png; path = decoration_14.png; sourceTree = "<group>"; };
		291BC1381610FAD6007BEDA6 /* decoration_15.png */ = {isa = PBXFileReference; lastKnownFileType = image.png; path = decoration_15.png; sourceTree = "<group>"; };
		291BC1391610FAD6007BEDA6 /* decoration_16.png */ = {isa = PBXFileReference; lastKnownFileType = image.png; path = decoration_16.png; sourceTree = "<group>"; };
		291BC13A1610FAD6007BEDA6 /* decoration_17.png */ = {isa = PBXFileReference; lastKnownFileType = image.png; path = decoration_17.png; sourceTree = "<group>"; };
		291BC13B1610FAD6007BEDA6 /* decoration_18.png */ = {isa = PBXFileReference; lastKnownFileType = image.png; path = decoration_18.png; sourceTree = "<group>"; };
		291BC13C1610FAD6007BEDA6 /* decoration_19.png */ = {isa = PBXFileReference; lastKnownFileType = image.png; path = decoration_19.png; sourceTree = "<group>"; };
		291BC152161103BA007BEDA6 /* decoration_12.png */ = {isa = PBXFileReference; lastKnownFileType = image.png; path = decoration_12.png; sourceTree = "<group>"; };
		296DDD051608ED2200B58C6D /* fragment.glsl */ = {isa = PBXFileReference; fileEncoding = 4; lastKnownFileType = text; path = fragment.glsl; sourceTree = "<group>"; };
		296DDD061608ED2200B58C6D /* vertex.glsl */ = {isa = PBXFileReference; fileEncoding = 4; lastKnownFileType = text; path = vertex.glsl; sourceTree = "<group>"; };
		296DDD071608ED2200B58C6D /* GLProgram.h */ = {isa = PBXFileReference; fileEncoding = 4; lastKnownFileType = sourcecode.c.h; path = GLProgram.h; sourceTree = "<group>"; };
		296DDD081608ED2200B58C6D /* GLProgram.m */ = {isa = PBXFileReference; fileEncoding = 4; lastKnownFileType = sourcecode.c.objc; path = GLProgram.m; sourceTree = "<group>"; };
		296DDD0C1608ED2F00B58C6D /* ProgramManager.h */ = {isa = PBXFileReference; fileEncoding = 4; lastKnownFileType = sourcecode.c.h; path = ProgramManager.h; sourceTree = "<group>"; };
		296DDD0D1608ED2F00B58C6D /* ProgramManager.m */ = {isa = PBXFileReference; fileEncoding = 4; lastKnownFileType = sourcecode.c.objc; path = ProgramManager.m; sourceTree = "<group>"; };
		296DDD0F1608ED4000B58C6D /* TextureCache.h */ = {isa = PBXFileReference; fileEncoding = 4; lastKnownFileType = sourcecode.c.h; path = TextureCache.h; sourceTree = "<group>"; };
		296DDD101608ED4000B58C6D /* TextureCache.m */ = {isa = PBXFileReference; fileEncoding = 4; lastKnownFileType = sourcecode.c.objc; path = TextureCache.m; sourceTree = "<group>"; };
		296DDD131608ED6E00B58C6D /* Entity.h */ = {isa = PBXFileReference; fileEncoding = 4; lastKnownFileType = sourcecode.c.h; path = Entity.h; sourceTree = "<group>"; };
		296DDD141608ED6E00B58C6D /* Entity.m */ = {isa = PBXFileReference; fileEncoding = 4; lastKnownFileType = sourcecode.c.objc; path = Entity.m; sourceTree = "<group>"; };
		296DDD151608ED6E00B58C6D /* Sprite.h */ = {isa = PBXFileReference; fileEncoding = 4; lastKnownFileType = sourcecode.c.h; path = Sprite.h; sourceTree = "<group>"; };
		296DDD161608ED6E00B58C6D /* Sprite.m */ = {isa = PBXFileReference; fileEncoding = 4; lastKnownFileType = sourcecode.c.objc; path = Sprite.m; sourceTree = "<group>"; };
		296DDD1E1608F39300B58C6D /* Scene.h */ = {isa = PBXFileReference; fileEncoding = 4; lastKnownFileType = sourcecode.c.h; path = Scene.h; sourceTree = "<group>"; };
		296DDD1F1608F39300B58C6D /* Scene.m */ = {isa = PBXFileReference; fileEncoding = 4; lastKnownFileType = sourcecode.c.objc; path = Scene.m; sourceTree = "<group>"; };
		296DDD211608F3B200B58C6D /* IntroScene.h */ = {isa = PBXFileReference; fileEncoding = 4; lastKnownFileType = sourcecode.c.h; path = IntroScene.h; sourceTree = "<group>"; };
		296DDD221608F3B200B58C6D /* IntroScene.m */ = {isa = PBXFileReference; fileEncoding = 4; lastKnownFileType = sourcecode.c.objc; path = IntroScene.m; sourceTree = "<group>"; };
		2995C4421608E65B008FD4B0 /* a_space_game.app */ = {isa = PBXFileReference; explicitFileType = wrapper.application; includeInIndex = 0; path = a_space_game.app; sourceTree = BUILT_PRODUCTS_DIR; };
		2995C4461608E65B008FD4B0 /* UIKit.framework */ = {isa = PBXFileReference; lastKnownFileType = wrapper.framework; name = UIKit.framework; path = System/Library/Frameworks/UIKit.framework; sourceTree = SDKROOT; };
		2995C4481608E65B008FD4B0 /* Foundation.framework */ = {isa = PBXFileReference; lastKnownFileType = wrapper.framework; name = Foundation.framework; path = System/Library/Frameworks/Foundation.framework; sourceTree = SDKROOT; };
		2995C44A1608E65B008FD4B0 /* CoreGraphics.framework */ = {isa = PBXFileReference; lastKnownFileType = wrapper.framework; name = CoreGraphics.framework; path = System/Library/Frameworks/CoreGraphics.framework; sourceTree = SDKROOT; };
		2995C44E1608E65B008FD4B0 /* a_space_game-Info.plist */ = {isa = PBXFileReference; lastKnownFileType = text.plist.xml; path = "a_space_game-Info.plist"; sourceTree = "<group>"; };
		2995C4501608E65B008FD4B0 /* en */ = {isa = PBXFileReference; lastKnownFileType = text.plist.strings; name = en; path = en.lproj/InfoPlist.strings; sourceTree = "<group>"; };
		2995C4521608E65B008FD4B0 /* main.m */ = {isa = PBXFileReference; lastKnownFileType = sourcecode.c.objc; path = main.m; sourceTree = "<group>"; };
		2995C4541608E65B008FD4B0 /* a_space_game-Prefix.pch */ = {isa = PBXFileReference; lastKnownFileType = sourcecode.c.h; path = "a_space_game-Prefix.pch"; sourceTree = "<group>"; };
		2995C4551608E65B008FD4B0 /* AppDelegate.h */ = {isa = PBXFileReference; lastKnownFileType = sourcecode.c.h; path = AppDelegate.h; sourceTree = "<group>"; };
		2995C4561608E65B008FD4B0 /* AppDelegate.m */ = {isa = PBXFileReference; lastKnownFileType = sourcecode.c.objc; path = AppDelegate.m; sourceTree = "<group>"; };
		2995C4591608E65B008FD4B0 /* en */ = {isa = PBXFileReference; lastKnownFileType = file.storyboard; name = en; path = en.lproj/MainStoryboard.storyboard; sourceTree = "<group>"; };
		2995C45B1608E65B008FD4B0 /* MainView.h */ = {isa = PBXFileReference; lastKnownFileType = sourcecode.c.h; path = MainView.h; sourceTree = "<group>"; };
		2995C45C1608E65B008FD4B0 /* MainView.m */ = {isa = PBXFileReference; lastKnownFileType = sourcecode.c.objc; path = MainView.m; sourceTree = "<group>"; };
		2995C4631608E6C3008FD4B0 /* GLKit.framework */ = {isa = PBXFileReference; lastKnownFileType = wrapper.framework; name = GLKit.framework; path = System/Library/Frameworks/GLKit.framework; sourceTree = SDKROOT; };
		2995C4651608E6C9008FD4B0 /* OpenGLES.framework */ = {isa = PBXFileReference; lastKnownFileType = wrapper.framework; name = OpenGLES.framework; path = System/Library/Frameworks/OpenGLES.framework; sourceTree = SDKROOT; };
		2995C4671608E6CF008FD4B0 /* QuartzCore.framework */ = {isa = PBXFileReference; lastKnownFileType = wrapper.framework; name = QuartzCore.framework; path = System/Library/Frameworks/QuartzCore.framework; sourceTree = SDKROOT; };
		29E5B37B161A2C8A00CDA386 /* color_fragment.glsl */ = {isa = PBXFileReference; fileEncoding = 4; lastKnownFileType = text; path = color_fragment.glsl; sourceTree = "<group>"; };
		29E5B37C161A2C8B00CDA386 /* color_vertex.glsl */ = {isa = PBXFileReference; fileEncoding = 4; lastKnownFileType = text; path = color_vertex.glsl; sourceTree = "<group>"; };
		29E5B37F161A2D6F00CDA386 /* decoration_test_0.png */ = {isa = PBXFileReference; lastKnownFileType = image.png; path = decoration_test_0.png; sourceTree = "<group>"; };
		29E5B380161A2D6F00CDA386 /* decoration_test_1.png */ = {isa = PBXFileReference; lastKnownFileType = image.png; path = decoration_test_1.png; sourceTree = "<group>"; };
		29E5B381161A2D6F00CDA386 /* decoration_test_2.png */ = {isa = PBXFileReference; lastKnownFileType = image.png; path = decoration_test_2.png; sourceTree = "<group>"; };
/* End PBXFileReference section */

/* Begin PBXFrameworksBuildPhase section */
		2995C43F1608E65B008FD4B0 /* Frameworks */ = {
			isa = PBXFrameworksBuildPhase;
			buildActionMask = 2147483647;
			files = (
				2995C4681608E6CF008FD4B0 /* QuartzCore.framework in Frameworks */,
				2995C4661608E6C9008FD4B0 /* OpenGLES.framework in Frameworks */,
				2995C4641608E6C3008FD4B0 /* GLKit.framework in Frameworks */,
				2995C4471608E65B008FD4B0 /* UIKit.framework in Frameworks */,
				2995C4491608E65B008FD4B0 /* Foundation.framework in Frameworks */,
				2995C44B1608E65B008FD4B0 /* CoreGraphics.framework in Frameworks */,
			);
			runOnlyForDeploymentPostprocessing = 0;
		};
/* End PBXFrameworksBuildPhase section */

/* Begin PBXGroup section */
		2903205916299B2C003C948A /* CC3d */ = {
			isa = PBXGroup;
			children = (
				2903205B16299B42003C948A /* ccTypes.h */,
				2903205C16299B42003C948A /* CC3Foundation.h */,
				2903205D16299B42003C948A /* CC3Foundation.m */,
				2903205E16299B42003C948A /* CC3GLMatrix.h */,
				2903205F16299B42003C948A /* CC3GLMatrix.m */,
				2903206016299B42003C948A /* CC3Kazmath.c */,
				2903206116299B42003C948A /* CC3Kazmath.h */,
				2903206216299B42003C948A /* CC3Logging.h */,
				2903206316299B42003C948A /* CC3Math.h */,
				2903206416299B42003C948A /* CC3Math.m */,
			);
			path = CC3d;
			sourceTree = "<group>";
		};
		2903206C1629B881003C948A /* Player */ = {
			isa = PBXGroup;
			children = (
				2903206F1629BC5B003C948A /* player_ship_test.png */,
				2903206D1629B8AA003C948A /* player_ship.png */,
			);
			path = Player;
			sourceTree = "<group>";
		};
		291BC1201610F10C007BEDA6 /* Framework */ = {
			isa = PBXGroup;
			children = (
				296DDD131608ED6E00B58C6D /* Entity.h */,
				296DDD141608ED6E00B58C6D /* Entity.m */,
				296DDD151608ED6E00B58C6D /* Sprite.h */,
				296DDD161608ED6E00B58C6D /* Sprite.m */,
				296DDD1E1608F39300B58C6D /* Scene.h */,
				296DDD1F1608F39300B58C6D /* Scene.m */,
			);
			path = Framework;
			sourceTree = "<group>";
		};
		291BC1221610F18B007BEDA6 /* Sprites */ = {
			isa = PBXGroup;
			children = (
				291BC1231610F1B4007BEDA6 /* Decoration.h */,
				291BC1241610F1B4007BEDA6 /* Decoration.m */,
				290320691629B46F003C948A /* Player.h */,
				2903206A1629B470003C948A /* Player.m */,
			);
			path = Sprites;
			sourceTree = "<group>";
		};
		291BC1261610F524007BEDA6 /* Decorations */ = {
			isa = PBXGroup;
			children = (
				29E5B37F161A2D6F00CDA386 /* decoration_test_0.png */,
				29E5B380161A2D6F00CDA386 /* decoration_test_1.png */,
				29E5B381161A2D6F00CDA386 /* decoration_test_2.png */,
				291BC1271610F543007BEDA6 /* decoration_0.png */,
				291BC12A1610F7B3007BEDA6 /* decoration_1.png */,
				291BC12C1610FAD5007BEDA6 /* decoration_2.png */,
				291BC12D1610FAD5007BEDA6 /* decoration_3.png */,
				291BC12E1610FAD6007BEDA6 /* decoration_4.png */,
				291BC12F1610FAD6007BEDA6 /* decoration_5.png */,
				291BC1301610FAD6007BEDA6 /* decoration_6.png */,
				291BC1311610FAD6007BEDA6 /* decoration_7.png */,
				291BC1321610FAD6007BEDA6 /* decoration_8.png */,
				291BC1331610FAD6007BEDA6 /* decoration_9.png */,
				291BC1341610FAD6007BEDA6 /* decoration_10.png */,
				291BC1351610FAD6007BEDA6 /* decoration_11.png */,
				291BC152161103BA007BEDA6 /* decoration_12.png */,
				291BC1361610FAD6007BEDA6 /* decoration_13.png */,
				291BC1371610FAD6007BEDA6 /* decoration_14.png */,
				291BC1381610FAD6007BEDA6 /* decoration_15.png */,
				291BC1391610FAD6007BEDA6 /* decoration_16.png */,
				291BC13A1610FAD6007BEDA6 /* decoration_17.png */,
				291BC13B1610FAD6007BEDA6 /* decoration_18.png */,
				291BC13C1610FAD6007BEDA6 /* decoration_19.png */,
			);
			path = Decorations;
			sourceTree = "<group>";
		};
		296DDD041608ECF500B58C6D /* OpenGL */ = {
			isa = PBXGroup;
			children = (
				2903205916299B2C003C948A /* CC3d */,
				29E5B37B161A2C8A00CDA386 /* color_fragment.glsl */,
				29E5B37C161A2C8B00CDA386 /* color_vertex.glsl */,
				296DDD051608ED2200B58C6D /* fragment.glsl */,
				296DDD061608ED2200B58C6D /* vertex.glsl */,
				296DDD071608ED2200B58C6D /* GLProgram.h */,
				296DDD081608ED2200B58C6D /* GLProgram.m */,
				296DDD0C1608ED2F00B58C6D /* ProgramManager.h */,
				296DDD0D1608ED2F00B58C6D /* ProgramManager.m */,
				296DDD0F1608ED4000B58C6D /* TextureCache.h */,
				296DDD101608ED4000B58C6D /* TextureCache.m */,
			);
			path = OpenGL;
			sourceTree = "<group>";
		};
		296DDD121608ED5400B58C6D /* Game */ = {
			isa = PBXGroup;
			children = (
				291BC1291610F755007BEDA6 /* Config.h */,
				291BC1221610F18B007BEDA6 /* Sprites */,
				291BC1201610F10C007BEDA6 /* Framework */,
				296DDD211608F3B200B58C6D /* IntroScene.h */,
				296DDD221608F3B200B58C6D /* IntroScene.m */,
			);
			path = Game;
			sourceTree = "<group>";
		};
		296DDD191608ED8100B58C6D /* Resources */ = {
			isa = PBXGroup;
			children = (
				2903206C1629B881003C948A /* Player */,
				291BC1261610F524007BEDA6 /* Decorations */,
			);
			path = Resources;
			sourceTree = "<group>";
		};
		2995C4371608E65B008FD4B0 = {
			isa = PBXGroup;
			children = (
				2995C44C1608E65B008FD4B0 /* a_space_game */,
				2995C4451608E65B008FD4B0 /* Frameworks */,
				2995C4431608E65B008FD4B0 /* Products */,
			);
			sourceTree = "<group>";
		};
		2995C4431608E65B008FD4B0 /* Products */ = {
			isa = PBXGroup;
			children = (
				2995C4421608E65B008FD4B0 /* a_space_game.app */,
			);
			name = Products;
			sourceTree = "<group>";
		};
		2995C4451608E65B008FD4B0 /* Frameworks */ = {
			isa = PBXGroup;
			children = (
				2995C4671608E6CF008FD4B0 /* QuartzCore.framework */,
				2995C4651608E6C9008FD4B0 /* OpenGLES.framework */,
				2995C4631608E6C3008FD4B0 /* GLKit.framework */,
				2995C4461608E65B008FD4B0 /* UIKit.framework */,
				2995C4481608E65B008FD4B0 /* Foundation.framework */,
				2995C44A1608E65B008FD4B0 /* CoreGraphics.framework */,
			);
			name = Frameworks;
			sourceTree = "<group>";
		};
		2995C44C1608E65B008FD4B0 /* a_space_game */ = {
			isa = PBXGroup;
			children = (
				296DDD191608ED8100B58C6D /* Resources */,
				296DDD121608ED5400B58C6D /* Game */,
				296DDD041608ECF500B58C6D /* OpenGL */,
				2995C4551608E65B008FD4B0 /* AppDelegate.h */,
				2995C4561608E65B008FD4B0 /* AppDelegate.m */,
				2995C45B1608E65B008FD4B0 /* MainView.h */,
				2995C45C1608E65B008FD4B0 /* MainView.m */,
				2995C4581608E65B008FD4B0 /* MainStoryboard.storyboard */,
				2995C44D1608E65B008FD4B0 /* Supporting Files */,
			);
			path = a_space_game;
			sourceTree = "<group>";
		};
		2995C44D1608E65B008FD4B0 /* Supporting Files */ = {
			isa = PBXGroup;
			children = (
				2995C44E1608E65B008FD4B0 /* a_space_game-Info.plist */,
				2995C44F1608E65B008FD4B0 /* InfoPlist.strings */,
				2995C4521608E65B008FD4B0 /* main.m */,
				2995C4541608E65B008FD4B0 /* a_space_game-Prefix.pch */,
			);
			name = "Supporting Files";
			sourceTree = "<group>";
		};
/* End PBXGroup section */

/* Begin PBXNativeTarget section */
		2995C4411608E65B008FD4B0 /* a_space_game */ = {
			isa = PBXNativeTarget;
			buildConfigurationList = 2995C4601608E65B008FD4B0 /* Build configuration list for PBXNativeTarget "a_space_game" */;
			buildPhases = (
				2995C43E1608E65B008FD4B0 /* Sources */,
				2995C43F1608E65B008FD4B0 /* Frameworks */,
				2995C4401608E65B008FD4B0 /* Resources */,
			);
			buildRules = (
			);
			dependencies = (
			);
			name = a_space_game;
			productName = a_space_game;
			productReference = 2995C4421608E65B008FD4B0 /* a_space_game.app */;
			productType = "com.apple.product-type.application";
		};
/* End PBXNativeTarget section */

/* Begin PBXProject section */
		2995C4391608E65B008FD4B0 /* Project object */ = {
			isa = PBXProject;
			attributes = {
				LastUpgradeCheck = 0440;
				ORGANIZATIONNAME = "Andreas Areschoug";
			};
			buildConfigurationList = 2995C43C1608E65B008FD4B0 /* Build configuration list for PBXProject "a_space_game" */;
			compatibilityVersion = "Xcode 3.2";
			developmentRegion = English;
			hasScannedForEncodings = 0;
			knownRegions = (
				en,
			);
			mainGroup = 2995C4371608E65B008FD4B0;
			productRefGroup = 2995C4431608E65B008FD4B0 /* Products */;
			projectDirPath = "";
			projectRoot = "";
			targets = (
				2995C4411608E65B008FD4B0 /* a_space_game */,
			);
		};
/* End PBXProject section */

/* Begin PBXResourcesBuildPhase section */
		2995C4401608E65B008FD4B0 /* Resources */ = {
			isa = PBXResourcesBuildPhase;
			buildActionMask = 2147483647;
			files = (
				2995C4511608E65B008FD4B0 /* InfoPlist.strings in Resources */,
				2995C45A1608E65B008FD4B0 /* MainStoryboard.storyboard in Resources */,
				296DDD091608ED2200B58C6D /* fragment.glsl in Resources */,
				296DDD0A1608ED2200B58C6D /* vertex.glsl in Resources */,
				291BC1281610F543007BEDA6 /* decoration_0.png in Resources */,
				291BC12B1610F7B3007BEDA6 /* decoration_1.png in Resources */,
				291BC13D1610FAD6007BEDA6 /* decoration_2.png in Resources */,
				291BC13E1610FAD6007BEDA6 /* decoration_3.png in Resources */,
				291BC13F1610FAD6007BEDA6 /* decoration_4.png in Resources */,
				291BC1401610FAD6007BEDA6 /* decoration_5.png in Resources */,
				291BC1411610FAD6007BEDA6 /* decoration_6.png in Resources */,
				291BC1421610FAD6007BEDA6 /* decoration_7.png in Resources */,
				291BC1431610FAD6007BEDA6 /* decoration_8.png in Resources */,
				291BC1441610FAD6007BEDA6 /* decoration_9.png in Resources */,
				291BC1451610FAD6007BEDA6 /* decoration_10.png in Resources */,
				291BC1461610FAD6007BEDA6 /* decoration_11.png in Resources */,
				291BC1471610FAD6007BEDA6 /* decoration_13.png in Resources */,
				291BC1481610FAD6007BEDA6 /* decoration_14.png in Resources */,
				291BC1491610FAD6007BEDA6 /* decoration_15.png in Resources */,
				291BC14A1610FAD6007BEDA6 /* decoration_16.png in Resources */,
				291BC14B1610FAD6007BEDA6 /* decoration_17.png in Resources */,
				291BC14C1610FAD6007BEDA6 /* decoration_18.png in Resources */,
				291BC14D1610FAD6007BEDA6 /* decoration_19.png in Resources */,
				291BC153161103BA007BEDA6 /* decoration_12.png in Resources */,
				29E5B37D161A2C8B00CDA386 /* color_fragment.glsl in Resources */,
				29E5B37E161A2C8B00CDA386 /* color_vertex.glsl in Resources */,
				29E5B382161A2D6F00CDA386 /* decoration_test_0.png in Resources */,
				29E5B383161A2D6F00CDA386 /* decoration_test_1.png in Resources */,
				29E5B384161A2D6F00CDA386 /* decoration_test_2.png in Resources */,
				2903206E1629B8AA003C948A /* player_ship.png in Resources */,
				290320701629BC5B003C948A /* player_ship_test.png in Resources */,
			);
			runOnlyForDeploymentPostprocessing = 0;
		};
/* End PBXResourcesBuildPhase section */

/* Begin PBXSourcesBuildPhase section */
		2995C43E1608E65B008FD4B0 /* Sources */ = {
			isa = PBXSourcesBuildPhase;
			buildActionMask = 2147483647;
			files = (
				2995C4531608E65B008FD4B0 /* main.m in Sources */,
				2995C4571608E65B008FD4B0 /* AppDelegate.m in Sources */,
				2995C45D1608E65B008FD4B0 /* MainView.m in Sources */,
				296DDD0B1608ED2200B58C6D /* GLProgram.m in Sources */,
				296DDD0E1608ED2F00B58C6D /* ProgramManager.m in Sources */,
				296DDD111608ED4000B58C6D /* TextureCache.m in Sources */,
				296DDD171608ED6E00B58C6D /* Entity.m in Sources */,
				296DDD181608ED6E00B58C6D /* Sprite.m in Sources */,
				296DDD201608F39300B58C6D /* Scene.m in Sources */,
				296DDD231608F3B300B58C6D /* IntroScene.m in Sources */,
				291BC1251610F1B4007BEDA6 /* Decoration.m in Sources */,
				2903206516299B42003C948A /* CC3Foundation.m in Sources */,
				2903206616299B42003C948A /* CC3GLMatrix.m in Sources */,
				2903206716299B42003C948A /* CC3Kazmath.c in Sources */,
				2903206816299B42003C948A /* CC3Math.m in Sources */,
				2903206B1629B470003C948A /* Player.m in Sources */,
			);
			runOnlyForDeploymentPostprocessing = 0;
		};
/* End PBXSourcesBuildPhase section */

/* Begin PBXVariantGroup section */
		2995C44F1608E65B008FD4B0 /* InfoPlist.strings */ = {
			isa = PBXVariantGroup;
			children = (
				2995C4501608E65B008FD4B0 /* en */,
			);
			name = InfoPlist.strings;
			sourceTree = "<group>";
		};
		2995C4581608E65B008FD4B0 /* MainStoryboard.storyboard */ = {
			isa = PBXVariantGroup;
			children = (
				2995C4591608E65B008FD4B0 /* en */,
			);
			name = MainStoryboard.storyboard;
			sourceTree = "<group>";
		};
/* End PBXVariantGroup section */

/* Begin XCBuildConfiguration section */
		2995C45E1608E65B008FD4B0 /* Debug */ = {
			isa = XCBuildConfiguration;
			buildSettings = {
				ALWAYS_SEARCH_USER_PATHS = NO;
				ARCHS = "$(ARCHS_STANDARD_32_BIT)";
				CLANG_CXX_LANGUAGE_STANDARD = "gnu++0x";
				CLANG_WARN__DUPLICATE_METHOD_MATCH = YES;
				"CODE_SIGN_IDENTITY[sdk=iphoneos*]" = "iPhone Developer";
				COPY_PHASE_STRIP = NO;
				GCC_C_LANGUAGE_STANDARD = gnu99;
				GCC_DYNAMIC_NO_PIC = NO;
				GCC_OPTIMIZATION_LEVEL = 0;
				GCC_PREPROCESSOR_DEFINITIONS = (
					"DEBUG=1",
					"$(inherited)",
				);
				GCC_SYMBOLS_PRIVATE_EXTERN = NO;
				GCC_VERSION = com.apple.compilers.llvm.clang.1_0;
				GCC_WARN_ABOUT_RETURN_TYPE = YES;
				GCC_WARN_UNINITIALIZED_AUTOS = YES;
				GCC_WARN_UNUSED_VARIABLE = YES;
				IPHONEOS_DEPLOYMENT_TARGET = 5.1;
				SDKROOT = iphoneos;
			};
			name = Debug;
		};
		2995C45F1608E65B008FD4B0 /* Release */ = {
			isa = XCBuildConfiguration;
			buildSettings = {
				ALWAYS_SEARCH_USER_PATHS = NO;
				ARCHS = "$(ARCHS_STANDARD_32_BIT)";
				CLANG_CXX_LANGUAGE_STANDARD = "gnu++0x";
				CLANG_WARN__DUPLICATE_METHOD_MATCH = YES;
				"CODE_SIGN_IDENTITY[sdk=iphoneos*]" = "iPhone Developer";
				COPY_PHASE_STRIP = YES;
				GCC_C_LANGUAGE_STANDARD = gnu99;
				GCC_VERSION = com.apple.compilers.llvm.clang.1_0;
				GCC_WARN_ABOUT_RETURN_TYPE = YES;
				GCC_WARN_UNINITIALIZED_AUTOS = YES;
				GCC_WARN_UNUSED_VARIABLE = YES;
				IPHONEOS_DEPLOYMENT_TARGET = 5.1;
				OTHER_CFLAGS = "-DNS_BLOCK_ASSERTIONS=1";
				SDKROOT = iphoneos;
				VALIDATE_PRODUCT = YES;
			};
			name = Release;
		};
		2995C4611608E65B008FD4B0 /* Debug */ = {
			isa = XCBuildConfiguration;
			buildSettings = {
				CLANG_ENABLE_OBJC_ARC = YES;
				"CODE_SIGN_IDENTITY[sdk=iphoneos*]" = "iPhone Developer: Andreas Areschoug (454456593Q)";
				GCC_PRECOMPILE_PREFIX_HEADER = YES;
				GCC_PREFIX_HEADER = "a_space_game/a_space_game-Prefix.pch";
				INFOPLIST_FILE = "a_space_game/a_space_game-Info.plist";
				PRODUCT_NAME = "$(TARGET_NAME)";
				"PROVISIONING_PROFILE[sdk=iphoneos*]" = "F80D4130-4721-4A54-8AD6-D3AB06371103";
				WRAPPER_EXTENSION = app;
			};
			name = Debug;
		};
		2995C4621608E65B008FD4B0 /* Release */ = {
			isa = XCBuildConfiguration;
			buildSettings = {
				CLANG_ENABLE_OBJC_ARC = YES;
				GCC_PRECOMPILE_PREFIX_HEADER = YES;
				GCC_PREFIX_HEADER = "a_space_game/a_space_game-Prefix.pch";
				INFOPLIST_FILE = "a_space_game/a_space_game-Info.plist";
				PRODUCT_NAME = "$(TARGET_NAME)";
				WRAPPER_EXTENSION = app;
			};
			name = Release;
		};
/* End XCBuildConfiguration section */

/* Begin XCConfigurationList section */
		2995C43C1608E65B008FD4B0 /* Build configuration list for PBXProject "a_space_game" */ = {
			isa = XCConfigurationList;
			buildConfigurations = (
				2995C45E1608E65B008FD4B0 /* Debug */,
				2995C45F1608E65B008FD4B0 /* Release */,
			);
			defaultConfigurationIsVisible = 0;
			defaultConfigurationName = Release;
		};
		2995C4601608E65B008FD4B0 /* Build configuration list for PBXNativeTarget "a_space_game" */ = {
			isa = XCConfigurationList;
			buildConfigurations = (
				2995C4611608E65B008FD4B0 /* Debug */,
				2995C4621608E65B008FD4B0 /* Release */,
			);
			defaultConfigurationIsVisible = 0;
			defaultConfigurationName = Release;
		};
/* End XCConfigurationList section */
	};
	rootObject = 2995C4391608E65B008FD4B0 /* Project object */;
}
